// !$*UTF8*$!
{
	archiveVersion = 1;
	classes = {
	};
	objectVersion = 48;
	objects = {

/* Begin PBXBuildFile section */
		A12C35C922A3441500DE7886 /* OpenQuicklyDelegate.swift in Sources */ = {isa = PBXBuildFile; fileRef = A12C35C322A3441500DE7886 /* OpenQuicklyDelegate.swift */; };
		A12C35CA22A3441500DE7886 /* OpenQuicklyTableRowView.swift in Sources */ = {isa = PBXBuildFile; fileRef = A12C35C422A3441500DE7886 /* OpenQuicklyTableRowView.swift */; };
		A12C35CB22A3441500DE7886 /* OpenQuicklyOptions.swift in Sources */ = {isa = PBXBuildFile; fileRef = A12C35C522A3441500DE7886 /* OpenQuicklyOptions.swift */; };
		A12C35CC22A3441500DE7886 /* OpenQuicklyViewController.swift in Sources */ = {isa = PBXBuildFile; fileRef = A12C35C622A3441500DE7886 /* OpenQuicklyViewController.swift */; };
		A12C35CD22A3441500DE7886 /* OpenQuicklyWindowController.swift in Sources */ = {isa = PBXBuildFile; fileRef = A12C35C722A3441500DE7886 /* OpenQuicklyWindowController.swift */; };
		A12C35CE22A3441500DE7886 /* OpenQuicklyWindow.swift in Sources */ = {isa = PBXBuildFile; fileRef = A12C35C822A3441500DE7886 /* OpenQuicklyWindow.swift */; };
		A12C35D022A3496F00DE7886 /* KeyCode.swift in Sources */ = {isa = PBXBuildFile; fileRef = A12C35CF22A3496F00DE7886 /* KeyCode.swift */; };
		A131454122224FC500E86383 /* Song.swift in Sources */ = {isa = PBXBuildFile; fileRef = A131454022224FC500E86383 /* Song.swift */; };
		A142AA892222183A0018C7BC /* Preferences.swift in Sources */ = {isa = PBXBuildFile; fileRef = A142AA882222183A0018C7BC /* Preferences.swift */; };
		A19C347D1F76182E00BA7FC3 /* AppDelegate.swift in Sources */ = {isa = PBXBuildFile; fileRef = A19C347C1F76182E00BA7FC3 /* AppDelegate.swift */; };
		A19C34841F76182E00BA7FC3 /* Main.storyboard in Resources */ = {isa = PBXBuildFile; fileRef = A19C34821F76182E00BA7FC3 /* Main.storyboard */; };
		A1A133AD1F830FBD0072CB58 /* Assets.xcassets in Resources */ = {isa = PBXBuildFile; fileRef = A1A133AC1F830FBD0072CB58 /* Assets.xcassets */; };
		A1B787301F77AA2700F6C5DF /* PlyrWindowController.swift in Sources */ = {isa = PBXBuildFile; fileRef = A1B7872F1F77AA2700F6C5DF /* PlyrWindowController.swift */; };
		A1C24559204779D300B519F8 /* Player.swift in Sources */ = {isa = PBXBuildFile; fileRef = A1C24558204779D300B519F8 /* Player.swift */; };
		A1D6A1BD2046AD9F0071155C /* PlayerViewController.swift in Sources */ = {isa = PBXBuildFile; fileRef = A1D6A1BC2046AD9F0071155C /* PlayerViewController.swift */; };
		A1FFBBC12047A4FB004C16BA /* Extensions.swift in Sources */ = {isa = PBXBuildFile; fileRef = A1FFBBC02047A4FB004C16BA /* Extensions.swift */; };
/* End PBXBuildFile section */

/* Begin PBXFileReference section */
		A12C35C322A3441500DE7886 /* OpenQuicklyDelegate.swift */ = {isa = PBXFileReference; fileEncoding = 4; lastKnownFileType = sourcecode.swift; path = OpenQuicklyDelegate.swift; sourceTree = "<group>"; };
		A12C35C422A3441500DE7886 /* OpenQuicklyTableRowView.swift */ = {isa = PBXFileReference; fileEncoding = 4; lastKnownFileType = sourcecode.swift; path = OpenQuicklyTableRowView.swift; sourceTree = "<group>"; };
		A12C35C522A3441500DE7886 /* OpenQuicklyOptions.swift */ = {isa = PBXFileReference; fileEncoding = 4; lastKnownFileType = sourcecode.swift; path = OpenQuicklyOptions.swift; sourceTree = "<group>"; };
		A12C35C622A3441500DE7886 /* OpenQuicklyViewController.swift */ = {isa = PBXFileReference; fileEncoding = 4; lastKnownFileType = sourcecode.swift; path = OpenQuicklyViewController.swift; sourceTree = "<group>"; };
		A12C35C722A3441500DE7886 /* OpenQuicklyWindowController.swift */ = {isa = PBXFileReference; fileEncoding = 4; lastKnownFileType = sourcecode.swift; path = OpenQuicklyWindowController.swift; sourceTree = "<group>"; };
		A12C35C822A3441500DE7886 /* OpenQuicklyWindow.swift */ = {isa = PBXFileReference; fileEncoding = 4; lastKnownFileType = sourcecode.swift; path = OpenQuicklyWindow.swift; sourceTree = "<group>"; };
		A12C35CF22A3496F00DE7886 /* KeyCode.swift */ = {isa = PBXFileReference; lastKnownFileType = sourcecode.swift; path = KeyCode.swift; sourceTree = "<group>"; };
		A131454022224FC500E86383 /* Song.swift */ = {isa = PBXFileReference; lastKnownFileType = sourcecode.swift; path = Song.swift; sourceTree = "<group>"; };
		A142AA882222183A0018C7BC /* Preferences.swift */ = {isa = PBXFileReference; lastKnownFileType = sourcecode.swift; path = Preferences.swift; sourceTree = "<group>"; };
		A19C34791F76182E00BA7FC3 /* plyr.app */ = {isa = PBXFileReference; explicitFileType = wrapper.application; includeInIndex = 0; path = plyr.app; sourceTree = BUILT_PRODUCTS_DIR; };
		A19C347C1F76182E00BA7FC3 /* AppDelegate.swift */ = {isa = PBXFileReference; lastKnownFileType = sourcecode.swift; path = AppDelegate.swift; sourceTree = "<group>"; };
		A19C34831F76182E00BA7FC3 /* Base */ = {isa = PBXFileReference; lastKnownFileType = file.storyboard; name = Base; path = Base.lproj/Main.storyboard; sourceTree = "<group>"; };
		A19C34851F76182E00BA7FC3 /* Info.plist */ = {isa = PBXFileReference; lastKnownFileType = text.plist.xml; path = Info.plist; sourceTree = "<group>"; };
		A1A133AC1F830FBD0072CB58 /* Assets.xcassets */ = {isa = PBXFileReference; lastKnownFileType = folder.assetcatalog; path = Assets.xcassets; sourceTree = "<group>"; };
		A1B7872F1F77AA2700F6C5DF /* PlyrWindowController.swift */ = {isa = PBXFileReference; lastKnownFileType = sourcecode.swift; path = PlyrWindowController.swift; sourceTree = "<group>"; };
		A1C24558204779D300B519F8 /* Player.swift */ = {isa = PBXFileReference; lastKnownFileType = sourcecode.swift; path = Player.swift; sourceTree = "<group>"; };
		A1D6A1BC2046AD9F0071155C /* PlayerViewController.swift */ = {isa = PBXFileReference; lastKnownFileType = sourcecode.swift; path = PlayerViewController.swift; sourceTree = "<group>"; };
		A1FFBBC02047A4FB004C16BA /* Extensions.swift */ = {isa = PBXFileReference; lastKnownFileType = sourcecode.swift; path = Extensions.swift; sourceTree = "<group>"; };
/* End PBXFileReference section */

/* Begin PBXFrameworksBuildPhase section */
		A19C34761F76182E00BA7FC3 /* Frameworks */ = {
			isa = PBXFrameworksBuildPhase;
			buildActionMask = 2147483647;
			files = (
			);
			runOnlyForDeploymentPostprocessing = 0;
		};
/* End PBXFrameworksBuildPhase section */

/* Begin PBXGroup section */
		A19C34701F76182E00BA7FC3 = {
			isa = PBXGroup;
			children = (
				A19C347B1F76182E00BA7FC3 /* Plyr */,
				A19C347A1F76182E00BA7FC3 /* Products */,
			);
			sourceTree = "<group>";
		};
		A19C347A1F76182E00BA7FC3 /* Products */ = {
			isa = PBXGroup;
			children = (
				A19C34791F76182E00BA7FC3 /* plyr.app */,
			);
			name = Products;
			sourceTree = "<group>";
		};
		A19C347B1F76182E00BA7FC3 /* Plyr */ = {
			isa = PBXGroup;
			children = (
				A19C347C1F76182E00BA7FC3 /* AppDelegate.swift */,
				A1A133AC1F830FBD0072CB58 /* Assets.xcassets */,
				A1FFBBC02047A4FB004C16BA /* Extensions.swift */,
				A19C34851F76182E00BA7FC3 /* Info.plist */,
				A12C35CF22A3496F00DE7886 /* KeyCode.swift */,
				A19C34821F76182E00BA7FC3 /* Main.storyboard */,
				A12C35C322A3441500DE7886 /* OpenQuicklyDelegate.swift */,
				A12C35C522A3441500DE7886 /* OpenQuicklyOptions.swift */,
				A12C35C422A3441500DE7886 /* OpenQuicklyTableRowView.swift */,
				A12C35C622A3441500DE7886 /* OpenQuicklyViewController.swift */,
				A12C35C822A3441500DE7886 /* OpenQuicklyWindow.swift */,
				A12C35C722A3441500DE7886 /* OpenQuicklyWindowController.swift */,
				A1C24558204779D300B519F8 /* Player.swift */,
				A1D6A1BC2046AD9F0071155C /* PlayerViewController.swift */,
				A1B7872F1F77AA2700F6C5DF /* PlyrWindowController.swift */,
				A142AA882222183A0018C7BC /* Preferences.swift */,
				A131454022224FC500E86383 /* Song.swift */,
			);
			path = Plyr;
			sourceTree = "<group>";
		};
/* End PBXGroup section */

/* Begin PBXNativeTarget section */
		A19C34781F76182E00BA7FC3 /* plyr */ = {
			isa = PBXNativeTarget;
			buildConfigurationList = A19C34891F76182E00BA7FC3 /* Build configuration list for PBXNativeTarget "plyr" */;
			buildPhases = (
				A19C34751F76182E00BA7FC3 /* Sources */,
				A19C34761F76182E00BA7FC3 /* Frameworks */,
				A19C34771F76182E00BA7FC3 /* Resources */,
			);
			buildRules = (
			);
			dependencies = (
			);
			name = plyr;
			productName = Minimal;
			productReference = A19C34791F76182E00BA7FC3 /* plyr.app */;
			productType = "com.apple.product-type.application";
		};
/* End PBXNativeTarget section */

/* Begin PBXProject section */
		A19C34711F76182E00BA7FC3 /* Project object */ = {
			isa = PBXProject;
			attributes = {
				LastSwiftUpdateCheck = 0900;
				LastUpgradeCheck = 0930;
				ORGANIZATIONNAME = "Luka Kerr";
				TargetAttributes = {
					A19C34781F76182E00BA7FC3 = {
						CreatedOnToolsVersion = 9.0;
						LastSwiftMigration = 1020;
						ProvisioningStyle = Manual;
					};
				};
			};
			buildConfigurationList = A19C34741F76182E00BA7FC3 /* Build configuration list for PBXProject "Plyr" */;
			compatibilityVersion = "Xcode 8.0";
			developmentRegion = en;
			hasScannedForEncodings = 0;
			knownRegions = (
				en,
				Base,
			);
			mainGroup = A19C34701F76182E00BA7FC3;
			productRefGroup = A19C347A1F76182E00BA7FC3 /* Products */;
			projectDirPath = "";
			projectRoot = "";
			targets = (
				A19C34781F76182E00BA7FC3 /* plyr */,
			);
		};
/* End PBXProject section */

/* Begin PBXResourcesBuildPhase section */
		A19C34771F76182E00BA7FC3 /* Resources */ = {
			isa = PBXResourcesBuildPhase;
			buildActionMask = 2147483647;
			files = (
				A1A133AD1F830FBD0072CB58 /* Assets.xcassets in Resources */,
				A19C34841F76182E00BA7FC3 /* Main.storyboard in Resources */,
			);
			runOnlyForDeploymentPostprocessing = 0;
		};
/* End PBXResourcesBuildPhase section */

/* Begin PBXSourcesBuildPhase section */
		A19C34751F76182E00BA7FC3 /* Sources */ = {
			isa = PBXSourcesBuildPhase;
			buildActionMask = 2147483647;
			files = (
				A12C35CE22A3441500DE7886 /* OpenQuicklyWindow.swift in Sources */,
				A1FFBBC12047A4FB004C16BA /* Extensions.swift in Sources */,
				A1C24559204779D300B519F8 /* Player.swift in Sources */,
				A131454122224FC500E86383 /* Song.swift in Sources */,
				A12C35D022A3496F00DE7886 /* KeyCode.swift in Sources */,
				A12C35CC22A3441500DE7886 /* OpenQuicklyViewController.swift in Sources */,
				A12C35CD22A3441500DE7886 /* OpenQuicklyWindowController.swift in Sources */,
				A12C35C922A3441500DE7886 /* OpenQuicklyDelegate.swift in Sources */,
				A142AA892222183A0018C7BC /* Preferences.swift in Sources */,
				A1D6A1BD2046AD9F0071155C /* PlayerViewController.swift in Sources */,
				A1B787301F77AA2700F6C5DF /* PlyrWindowController.swift in Sources */,
				A12C35CB22A3441500DE7886 /* OpenQuicklyOptions.swift in Sources */,
				A19C347D1F76182E00BA7FC3 /* AppDelegate.swift in Sources */,
				A12C35CA22A3441500DE7886 /* OpenQuicklyTableRowView.swift in Sources */,
			);
			runOnlyForDeploymentPostprocessing = 0;
		};
/* End PBXSourcesBuildPhase section */

/* Begin PBXVariantGroup section */
		A19C34821F76182E00BA7FC3 /* Main.storyboard */ = {
			isa = PBXVariantGroup;
			children = (
				A19C34831F76182E00BA7FC3 /* Base */,
			);
			name = Main.storyboard;
			sourceTree = "<group>";
		};
/* End PBXVariantGroup section */

/* Begin XCBuildConfiguration section */
		A19C34871F76182E00BA7FC3 /* Debug */ = {
			isa = XCBuildConfiguration;
			buildSettings = {
				ALWAYS_SEARCH_USER_PATHS = NO;
				CLANG_ANALYZER_NONNULL = YES;
				CLANG_ANALYZER_NUMBER_OBJECT_CONVERSION = YES_AGGRESSIVE;
				CLANG_CXX_LANGUAGE_STANDARD = "gnu++14";
				CLANG_CXX_LIBRARY = "libc++";
				CLANG_ENABLE_MODULES = YES;
				CLANG_ENABLE_OBJC_ARC = YES;
				CLANG_WARN_BLOCK_CAPTURE_AUTORELEASING = YES;
				CLANG_WARN_BOOL_CONVERSION = YES;
				CLANG_WARN_COMMA = YES;
				CLANG_WARN_CONSTANT_CONVERSION = YES;
				CLANG_WARN_DEPRECATED_OBJC_IMPLEMENTATIONS = YES;
				CLANG_WARN_DIRECT_OBJC_ISA_USAGE = YES_ERROR;
				CLANG_WARN_DOCUMENTATION_COMMENTS = YES;
				CLANG_WARN_EMPTY_BODY = YES;
				CLANG_WARN_ENUM_CONVERSION = YES;
				CLANG_WARN_INFINITE_RECURSION = YES;
				CLANG_WARN_INT_CONVERSION = YES;
				CLANG_WARN_NON_LITERAL_NULL_CONVERSION = YES;
				CLANG_WARN_OBJC_IMPLICIT_RETAIN_SELF = YES;
				CLANG_WARN_OBJC_LITERAL_CONVERSION = YES;
				CLANG_WARN_OBJC_ROOT_CLASS = YES_ERROR;
				CLANG_WARN_RANGE_LOOP_ANALYSIS = YES;
				CLANG_WARN_STRICT_PROTOTYPES = YES;
				CLANG_WARN_SUSPICIOUS_MOVE = YES;
				CLANG_WARN_UNGUARDED_AVAILABILITY = YES_AGGRESSIVE;
				CLANG_WARN_UNREACHABLE_CODE = YES;
				CLANG_WARN__DUPLICATE_METHOD_MATCH = YES;
				CODE_SIGN_IDENTITY = "Mac Developer";
				COPY_PHASE_STRIP = NO;
				DEBUG_INFORMATION_FORMAT = dwarf;
				ENABLE_STRICT_OBJC_MSGSEND = YES;
				ENABLE_TESTABILITY = YES;
				GCC_C_LANGUAGE_STANDARD = gnu11;
				GCC_DYNAMIC_NO_PIC = NO;
				GCC_NO_COMMON_BLOCKS = YES;
				GCC_OPTIMIZATION_LEVEL = 0;
				GCC_PREPROCESSOR_DEFINITIONS = (
					"DEBUG=1",
					"$(inherited)",
				);
				GCC_WARN_64_TO_32_BIT_CONVERSION = YES;
				GCC_WARN_ABOUT_RETURN_TYPE = YES_ERROR;
				GCC_WARN_UNDECLARED_SELECTOR = YES;
				GCC_WARN_UNINITIALIZED_AUTOS = YES_AGGRESSIVE;
				GCC_WARN_UNUSED_FUNCTION = YES;
				GCC_WARN_UNUSED_VARIABLE = YES;
				MACOSX_DEPLOYMENT_TARGET = 10.12;
				MTL_ENABLE_DEBUG_INFO = YES;
				ONLY_ACTIVE_ARCH = YES;
				SDKROOT = macosx;
				SWIFT_ACTIVE_COMPILATION_CONDITIONS = DEBUG;
				SWIFT_OPTIMIZATION_LEVEL = "-Onone";
			};
			name = Debug;
		};
		A19C34881F76182E00BA7FC3 /* Release */ = {
			isa = XCBuildConfiguration;
			buildSettings = {
				ALWAYS_SEARCH_USER_PATHS = NO;
				CLANG_ANALYZER_NONNULL = YES;
				CLANG_ANALYZER_NUMBER_OBJECT_CONVERSION = YES_AGGRESSIVE;
				CLANG_CXX_LANGUAGE_STANDARD = "gnu++14";
				CLANG_CXX_LIBRARY = "libc++";
				CLANG_ENABLE_MODULES = YES;
				CLANG_ENABLE_OBJC_ARC = YES;
				CLANG_WARN_BLOCK_CAPTURE_AUTORELEASING = YES;
				CLANG_WARN_BOOL_CONVERSION = YES;
				CLANG_WARN_COMMA = YES;
				CLANG_WARN_CONSTANT_CONVERSION = YES;
				CLANG_WARN_DEPRECATED_OBJC_IMPLEMENTATIONS = YES;
				CLANG_WARN_DIRECT_OBJC_ISA_USAGE = YES_ERROR;
				CLANG_WARN_DOCUMENTATION_COMMENTS = YES;
				CLANG_WARN_EMPTY_BODY = YES;
				CLANG_WARN_ENUM_CONVERSION = YES;
				CLANG_WARN_INFINITE_RECURSION = YES;
				CLANG_WARN_INT_CONVERSION = YES;
				CLANG_WARN_NON_LITERAL_NULL_CONVERSION = YES;
				CLANG_WARN_OBJC_IMPLICIT_RETAIN_SELF = YES;
				CLANG_WARN_OBJC_LITERAL_CONVERSION = YES;
				CLANG_WARN_OBJC_ROOT_CLASS = YES_ERROR;
				CLANG_WARN_RANGE_LOOP_ANALYSIS = YES;
				CLANG_WARN_STRICT_PROTOTYPES = YES;
				CLANG_WARN_SUSPICIOUS_MOVE = YES;
				CLANG_WARN_UNGUARDED_AVAILABILITY = YES_AGGRESSIVE;
				CLANG_WARN_UNREACHABLE_CODE = YES;
				CLANG_WARN__DUPLICATE_METHOD_MATCH = YES;
				CODE_SIGN_IDENTITY = "Mac Developer";
				COPY_PHASE_STRIP = NO;
				DEBUG_INFORMATION_FORMAT = "dwarf-with-dsym";
				ENABLE_NS_ASSERTIONS = NO;
				ENABLE_STRICT_OBJC_MSGSEND = YES;
				GCC_C_LANGUAGE_STANDARD = gnu11;
				GCC_NO_COMMON_BLOCKS = YES;
				GCC_WARN_64_TO_32_BIT_CONVERSION = YES;
				GCC_WARN_ABOUT_RETURN_TYPE = YES_ERROR;
				GCC_WARN_UNDECLARED_SELECTOR = YES;
				GCC_WARN_UNINITIALIZED_AUTOS = YES_AGGRESSIVE;
				GCC_WARN_UNUSED_FUNCTION = YES;
				GCC_WARN_UNUSED_VARIABLE = YES;
				MACOSX_DEPLOYMENT_TARGET = 10.12;
				MTL_ENABLE_DEBUG_INFO = NO;
				SDKROOT = macosx;
				SWIFT_OPTIMIZATION_LEVEL = "-Owholemodule";
			};
			name = Release;
		};
		A19C348A1F76182E00BA7FC3 /* Debug */ = {
			isa = XCBuildConfiguration;
			buildSettings = {
				ASSETCATALOG_COMPILER_APPICON_NAME = AppIcon;
				CODE_SIGN_IDENTITY = "Mac Developer: lukakerr1@gmail.com (WP67RK7EQG)";
				CODE_SIGN_STYLE = Manual;
				COMBINE_HIDPI_IMAGES = YES;
				DEVELOPMENT_TEAM = QY544RDL2W;
				FRAMEWORK_SEARCH_PATHS = (
					"$(inherited)",
					"$(PROJECT_DIR)/plyr",
				);
				INFOPLIST_FILE = Plyr/Info.plist;
				LD_RUNPATH_SEARCH_PATHS = "$(inherited) @executable_path/../Frameworks";
				MACOSX_DEPLOYMENT_TARGET = 10.12.2;
				PRODUCT_BUNDLE_IDENTIFIER = com.lukakerr.Plyr;
				PRODUCT_NAME = "$(TARGET_NAME)";
				PROVISIONING_PROFILE_SPECIFIER = "";
				SWIFT_PRECOMPILE_BRIDGING_HEADER = YES;
				SWIFT_VERSION = 5.0;
			};
			name = Debug;
		};
		A19C348B1F76182E00BA7FC3 /* Release */ = {
			isa = XCBuildConfiguration;
			buildSettings = {
				ASSETCATALOG_COMPILER_APPICON_NAME = AppIcon;
				CODE_SIGN_IDENTITY = "Mac Developer: lukakerr1@gmail.com (WP67RK7EQG)";
				CODE_SIGN_STYLE = Manual;
				COMBINE_HIDPI_IMAGES = YES;
				DEVELOPMENT_TEAM = QY544RDL2W;
				FRAMEWORK_SEARCH_PATHS = (
					"$(inherited)",
					"$(PROJECT_DIR)/plyr",
				);
				INFOPLIST_FILE = Plyr/Info.plist;
				LD_RUNPATH_SEARCH_PATHS = "$(inherited) @executable_path/../Frameworks";
				MACOSX_DEPLOYMENT_TARGET = 10.12.2;
				PRODUCT_BUNDLE_IDENTIFIER = com.lukakerr.Plyr;
				PRODUCT_NAME = "$(TARGET_NAME)";
				PROVISIONING_PROFILE_SPECIFIER = "";
				SWIFT_PRECOMPILE_BRIDGING_HEADER = YES;
				SWIFT_VERSION = 5.0;
			};
			name = Release;
		};
/* End XCBuildConfiguration section */

/* Begin XCConfigurationList section */
		A19C34741F76182E00BA7FC3 /* Build configuration list for PBXProject "Plyr" */ = {
			isa = XCConfigurationList;
			buildConfigurations = (
				A19C34871F76182E00BA7FC3 /* Debug */,
				A19C34881F76182E00BA7FC3 /* Release */,
			);
			defaultConfigurationIsVisible = 0;
			defaultConfigurationName = Release;
		};
		A19C34891F76182E00BA7FC3 /* Build configuration list for PBXNativeTarget "plyr" */ = {
			isa = XCConfigurationList;
			buildConfigurations = (
				A19C348A1F76182E00BA7FC3 /* Debug */,
				A19C348B1F76182E00BA7FC3 /* Release */,
			);
			defaultConfigurationIsVisible = 0;
			defaultConfigurationName = Release;
		};
/* End XCConfigurationList section */
	};
	rootObject = A19C34711F76182E00BA7FC3 /* Project object */;
}
